
Microsoft Visual Studio Solution File, Format Version 12.00
# Visual Studio Version 16
VisualStudioVersion = 16.0.31911.196
MinimumVisualStudioVersion = 10.0.40219.1
Project("{9A19103F-16F7-4668-BE54-9A1E7A4F7556}") = "Ex.01", "Ex.01\Ex.01.csproj", "{8B55ED1E-0ADD-4663-A264-BB5E59B1B276}"
EndProject
Project("{9A19103F-16F7-4668-BE54-9A1E7A4F7556}") = "Ex.02", "Ex.02\Ex.02.csproj", "{9C7B80DC-00B1-42CC-B2AB-CD5C0468B562}"
EndProject
Project("{9A19103F-16F7-4668-BE54-9A1E7A4F7556}") = "Ex.03", "Ex.03\Ex.03.csproj", "{3E94ADFF-0042-49D5-927E-56793B501B6A}"
EndProject
Project("{9A19103F-16F7-4668-BE54-9A1E7A4F7556}") = "Ex.04", "Ex.04\Ex.04.csproj", "{E1BCD8CC-C90A-4CDF-9B2C-10D0397F8F99}"
EndProject
Project("{9A19103F-16F7-4668-BE54-9A1E7A4F7556}") = "Ex.05", "Ex.05\Ex.05.csproj", "{565ED97D-5DE7-4D09-AAE3-6A1C8E3E65EE}"
EndProject
Project("{9A19103F-16F7-4668-BE54-9A1E7A4F7556}") = "Ex.06", "Ex.06\Ex.06.csproj", "{92828D56-F60E-47E7-A5C9-3B0657ADAD90}"
EndProject
Project("{9A19103F-16F7-4668-BE54-9A1E7A4F7556}") = "Ex.07", "Ex.07\Ex.07.csproj", "{B37E449A-4E28-43D2-BDFD-6ACE5F226670}"
EndProject
Project("{9A19103F-16F7-4668-BE54-9A1E7A4F7556}") = "Ex.08 - Estruturas", "Ex.08 - Estruturas\Ex.08 - Estruturas.csproj", "{AE4FC308-0ECE-447E-A2AF-E760B6D0BF7C}"
EndProject
Project("{9A19103F-16F7-4668-BE54-9A1E7A4F7556}") = "Ex.09 - Estruturas", "Ex.09 - Estruturas\Ex.09 - Estruturas.csproj", "{5B54056D-0556-48E0-81F7-5297F11396AB}"
EndProject
Project("{9A19103F-16F7-4668-BE54-9A1E7A4F7556}") = "Ex.10 - Estruturas", "Ex.10 - Estruturas\Ex.10 - Estruturas.csproj", "{A0D60DE5-DCCB-468E-BC49-343D6B3F0DE6}"
EndProject
Project("{9A19103F-16F7-4668-BE54-9A1E7A4F7556}") = "Ex.11 - Estruturas", "Ex.11 - Estruturas\Ex.11 - Estruturas.csproj", "{219E5FDE-4934-46D4-8E1B-A1F79C3EEC07}"
EndProject
Project("{9A19103F-16F7-4668-BE54-9A1E7A4F7556}") = "Ex.12 - Estruturas", "Ex.12 - Estruturas\Ex.12 - Estruturas.csproj", "{87999E8D-E663-472D-AEC6-A9944C0AD2AD}"
EndProject
Project("{9A19103F-16F7-4668-BE54-9A1E7A4F7556}") = "Ex.13 Estruturas", "Ex.13 Estruturas\Ex.13 Estruturas.csproj", "{9DA4597B-EC1D-4639-B5F7-6DFB503690E1}"
EndProject
Project("{9A19103F-16F7-4668-BE54-9A1E7A4F7556}") = "Ex.14", "Ex.14\Ex.14.csproj", "{9A14E33D-BF6D-4913-9D97-39FE43602440}"
EndProject
Project("{9A19103F-16F7-4668-BE54-9A1E7A4F7556}") = "Ex.15", "Ex.15\Ex.15.csproj", "{12542452-5CF6-41D6-A8C4-23439F98AA99}"
EndProject
Project("{9A19103F-16F7-4668-BE54-9A1E7A4F7556}") = "uri.1000", "uri.1000\uri.1000.csproj", "{365AB905-A226-417B-867E-68DE48BC25B9}"
EndProject
Project("{9A19103F-16F7-4668-BE54-9A1E7A4F7556}") = "Uri.1001", "Uri.1001\Uri.1001.csproj", "{80595445-B2AB-41E8-9E1E-42635C30C6DB}"
EndProject
Project("{9A19103F-16F7-4668-BE54-9A1E7A4F7556}") = "UR- 1004", "UR- 1004\UR- 1004.csproj", "{62DB0097-8EC0-486D-AB3B-F1F14BF7FD8A}"
EndProject
Project("{9A19103F-16F7-4668-BE54-9A1E7A4F7556}") = "URI- 1004", "URI- 1004\URI- 1004.csproj", "{D7A7CC46-A735-4B9F-82E9-0EBFF93452F9}"
EndProject
Project("{9A19103F-16F7-4668-BE54-9A1E7A4F7556}") = "URI - 1005", "URI - 1005\URI - 1005.csproj", "{932931F9-01A6-4457-B898-1F3B59903BFB}"
EndProject
Project("{9A19103F-16F7-4668-BE54-9A1E7A4F7556}") = "URI - 1006", "URI - 1006\URI - 1006.csproj", "{4AC3BA8E-F85B-49F1-8BCF-662D98F7FFE2}"
EndProject
Project("{9A19103F-16F7-4668-BE54-9A1E7A4F7556}") = "URI - 1007", "URI - 1007\URI - 1007.csproj", "{2525A46A-9327-4ED1-90BA-B02A0C358407}"
EndProject
Project("{9A19103F-16F7-4668-BE54-9A1E7A4F7556}") = "URI - 1008", "URI - 1008\URI - 1008.csproj", "{C57ABFAD-B984-4C9D-B39F-5B44A3DA3D68}"
EndProject
Project("{9A19103F-16F7-4668-BE54-9A1E7A4F7556}") = "URI - 1009", "URI - 1009\URI - 1009.csproj", "{9697910C-F993-4255-8760-7FB63054B08A}"
EndProject
Project("{9A19103F-16F7-4668-BE54-9A1E7A4F7556}") = "URI - 1010", "URI - 1010\URI - 1010.csproj", "{7ABB849C-9716-4875-9ACE-0EC3CB8CEC38}"
EndProject
Project("{9A19103F-16F7-4668-BE54-9A1E7A4F7556}") = "URI - 1011", "URI - 1011\URI - 1011.csproj", "{32844B83-F510-4E91-9EBD-B38834B0F3B9}"
EndProject
Project("{9A19103F-16F7-4668-BE54-9A1E7A4F7556}") = "URI - 1012", "URI - 1012\URI - 1012.csproj", "{BCB7F66C-138C-4036-A4D6-5823A8594D07}"
EndProject
Project("{9A19103F-16F7-4668-BE54-9A1E7A4F7556}") = "URI - 1013", "URI - 1013\URI - 1013.csproj", "{83052DF1-5FDB-4953-B2E7-49482FBD1B03}"
EndProject
Project("{9A19103F-16F7-4668-BE54-9A1E7A4F7556}") = "URI - 1014", "URI - 1014\URI - 1014.csproj", "{412CF54E-1498-44E2-84C8-1996490B8CA7}"
EndProject
Project("{9A19103F-16F7-4668-BE54-9A1E7A4F7556}") = "URI - 1015", "URI - 1016\URI - 1015.csproj", "{0CBB5096-5696-4245-9916-A0A3928DA958}"
EndProject
Project("{9A19103F-16F7-4668-BE54-9A1E7A4F7556}") = "URI - 10016", "URI - 10016\URI - 10016.csproj", "{73646924-22A7-4594-B65C-70B4A4D0E9E6}"
EndProject
Project("{FAE04EC0-301F-11D3-BF4B-00C04F79EFBC}") = "URI - 1018", "URI - 1018\URI - 1018.csproj", "{B9D2F048-A055-4AD2-A09F-ED1C4A7F6189}"
EndProject
Project("{FAE04EC0-301F-11D3-BF4B-00C04F79EFBC}") = "URI - 1019", "URI - 1019\URI - 1019.csproj", "{35591966-789F-470C-9DBC-6EA0A7E560F4}"
EndProject
Project("{FAE04EC0-301F-11D3-BF4B-00C04F79EFBC}") = "URI - 1020", "URI - 1020\URI - 1020.csproj", "{49912325-E308-4677-ABBF-A8CA3B89671A}"
EndProject
Project("{FAE04EC0-301F-11D3-BF4B-00C04F79EFBC}") = "URI - 1021", "URI - 1021\URI - 1021.csproj", "{C5AE88FF-AA2A-455B-9F3D-C59918C2B55A}"
EndProject
Global
	GlobalSection(SolutionConfigurationPlatforms) = preSolution
		Debug|Any CPU = Debug|Any CPU
		Release|Any CPU = Release|Any CPU
	EndGlobalSection
	GlobalSection(ProjectConfigurationPlatforms) = postSolution
		{8B55ED1E-0ADD-4663-A264-BB5E59B1B276}.Debug|Any CPU.ActiveCfg = Debug|Any CPU
		{8B55ED1E-0ADD-4663-A264-BB5E59B1B276}.Debug|Any CPU.Build.0 = Debug|Any CPU
		{8B55ED1E-0ADD-4663-A264-BB5E59B1B276}.Release|Any CPU.ActiveCfg = Release|Any CPU
		{8B55ED1E-0ADD-4663-A264-BB5E59B1B276}.Release|Any CPU.Build.0 = Release|Any CPU
		{9C7B80DC-00B1-42CC-B2AB-CD5C0468B562}.Debug|Any CPU.ActiveCfg = Debug|Any CPU
		{9C7B80DC-00B1-42CC-B2AB-CD5C0468B562}.Debug|Any CPU.Build.0 = Debug|Any CPU
		{9C7B80DC-00B1-42CC-B2AB-CD5C0468B562}.Release|Any CPU.ActiveCfg = Release|Any CPU
		{9C7B80DC-00B1-42CC-B2AB-CD5C0468B562}.Release|Any CPU.Build.0 = Release|Any CPU
		{3E94ADFF-0042-49D5-927E-56793B501B6A}.Debug|Any CPU.ActiveCfg = Debug|Any CPU
		{3E94ADFF-0042-49D5-927E-56793B501B6A}.Debug|Any CPU.Build.0 = Debug|Any CPU
		{3E94ADFF-0042-49D5-927E-56793B501B6A}.Release|Any CPU.ActiveCfg = Release|Any CPU
		{3E94ADFF-0042-49D5-927E-56793B501B6A}.Release|Any CPU.Build.0 = Release|Any CPU
		{E1BCD8CC-C90A-4CDF-9B2C-10D0397F8F99}.Debug|Any CPU.ActiveCfg = Debug|Any CPU
		{E1BCD8CC-C90A-4CDF-9B2C-10D0397F8F99}.Debug|Any CPU.Build.0 = Debug|Any CPU
		{E1BCD8CC-C90A-4CDF-9B2C-10D0397F8F99}.Release|Any CPU.ActiveCfg = Release|Any CPU
		{E1BCD8CC-C90A-4CDF-9B2C-10D0397F8F99}.Release|Any CPU.Build.0 = Release|Any CPU
		{565ED97D-5DE7-4D09-AAE3-6A1C8E3E65EE}.Debug|Any CPU.ActiveCfg = Debug|Any CPU
		{565ED97D-5DE7-4D09-AAE3-6A1C8E3E65EE}.Debug|Any CPU.Build.0 = Debug|Any CPU
		{565ED97D-5DE7-4D09-AAE3-6A1C8E3E65EE}.Release|Any CPU.ActiveCfg = Release|Any CPU
		{565ED97D-5DE7-4D09-AAE3-6A1C8E3E65EE}.Release|Any CPU.Build.0 = Release|Any CPU
		{92828D56-F60E-47E7-A5C9-3B0657ADAD90}.Debug|Any CPU.ActiveCfg = Debug|Any CPU
		{92828D56-F60E-47E7-A5C9-3B0657ADAD90}.Debug|Any CPU.Build.0 = Debug|Any CPU
		{92828D56-F60E-47E7-A5C9-3B0657ADAD90}.Release|Any CPU.ActiveCfg = Release|Any CPU
		{92828D56-F60E-47E7-A5C9-3B0657ADAD90}.Release|Any CPU.Build.0 = Release|Any CPU
		{B37E449A-4E28-43D2-BDFD-6ACE5F226670}.Debug|Any CPU.ActiveCfg = Debug|Any CPU
		{B37E449A-4E28-43D2-BDFD-6ACE5F226670}.Debug|Any CPU.Build.0 = Debug|Any CPU
		{B37E449A-4E28-43D2-BDFD-6ACE5F226670}.Release|Any CPU.ActiveCfg = Release|Any CPU
		{B37E449A-4E28-43D2-BDFD-6ACE5F226670}.Release|Any CPU.Build.0 = Release|Any CPU
		{AE4FC308-0ECE-447E-A2AF-E760B6D0BF7C}.Debug|Any CPU.ActiveCfg = Debug|Any CPU
		{AE4FC308-0ECE-447E-A2AF-E760B6D0BF7C}.Debug|Any CPU.Build.0 = Debug|Any CPU
		{AE4FC308-0ECE-447E-A2AF-E760B6D0BF7C}.Release|Any CPU.ActiveCfg = Release|Any CPU
		{AE4FC308-0ECE-447E-A2AF-E760B6D0BF7C}.Release|Any CPU.Build.0 = Release|Any CPU
		{5B54056D-0556-48E0-81F7-5297F11396AB}.Debug|Any CPU.ActiveCfg = Debug|Any CPU
		{5B54056D-0556-48E0-81F7-5297F11396AB}.Debug|Any CPU.Build.0 = Debug|Any CPU
		{5B54056D-0556-48E0-81F7-5297F11396AB}.Release|Any CPU.ActiveCfg = Release|Any CPU
		{5B54056D-0556-48E0-81F7-5297F11396AB}.Release|Any CPU.Build.0 = Release|Any CPU
		{A0D60DE5-DCCB-468E-BC49-343D6B3F0DE6}.Debug|Any CPU.ActiveCfg = Debug|Any CPU
		{A0D60DE5-DCCB-468E-BC49-343D6B3F0DE6}.Debug|Any CPU.Build.0 = Debug|Any CPU
		{A0D60DE5-DCCB-468E-BC49-343D6B3F0DE6}.Release|Any CPU.ActiveCfg = Release|Any CPU
		{A0D60DE5-DCCB-468E-BC49-343D6B3F0DE6}.Release|Any CPU.Build.0 = Release|Any CPU
		{219E5FDE-4934-46D4-8E1B-A1F79C3EEC07}.Debug|Any CPU.ActiveCfg = Debug|Any CPU
		{219E5FDE-4934-46D4-8E1B-A1F79C3EEC07}.Debug|Any CPU.Build.0 = Debug|Any CPU
		{219E5FDE-4934-46D4-8E1B-A1F79C3EEC07}.Release|Any CPU.ActiveCfg = Release|Any CPU
		{219E5FDE-4934-46D4-8E1B-A1F79C3EEC07}.Release|Any CPU.Build.0 = Release|Any CPU
		{87999E8D-E663-472D-AEC6-A9944C0AD2AD}.Debug|Any CPU.ActiveCfg = Debug|Any CPU
		{87999E8D-E663-472D-AEC6-A9944C0AD2AD}.Debug|Any CPU.Build.0 = Debug|Any CPU
		{87999E8D-E663-472D-AEC6-A9944C0AD2AD}.Release|Any CPU.ActiveCfg = Release|Any CPU
		{87999E8D-E663-472D-AEC6-A9944C0AD2AD}.Release|Any CPU.Build.0 = Release|Any CPU
		{9DA4597B-EC1D-4639-B5F7-6DFB503690E1}.Debug|Any CPU.ActiveCfg = Debug|Any CPU
		{9DA4597B-EC1D-4639-B5F7-6DFB503690E1}.Debug|Any CPU.Build.0 = Debug|Any CPU
		{9DA4597B-EC1D-4639-B5F7-6DFB503690E1}.Release|Any CPU.ActiveCfg = Release|Any CPU
		{9DA4597B-EC1D-4639-B5F7-6DFB503690E1}.Release|Any CPU.Build.0 = Release|Any CPU
		{9A14E33D-BF6D-4913-9D97-39FE43602440}.Debug|Any CPU.ActiveCfg = Debug|Any CPU
		{9A14E33D-BF6D-4913-9D97-39FE43602440}.Debug|Any CPU.Build.0 = Debug|Any CPU
		{9A14E33D-BF6D-4913-9D97-39FE43602440}.Release|Any CPU.ActiveCfg = Release|Any CPU
		{9A14E33D-BF6D-4913-9D97-39FE43602440}.Release|Any CPU.Build.0 = Release|Any CPU
		{12542452-5CF6-41D6-A8C4-23439F98AA99}.Debug|Any CPU.ActiveCfg = Debug|Any CPU
		{12542452-5CF6-41D6-A8C4-23439F98AA99}.Debug|Any CPU.Build.0 = Debug|Any CPU
		{12542452-5CF6-41D6-A8C4-23439F98AA99}.Release|Any CPU.ActiveCfg = Release|Any CPU
		{12542452-5CF6-41D6-A8C4-23439F98AA99}.Release|Any CPU.Build.0 = Release|Any CPU
		{365AB905-A226-417B-867E-68DE48BC25B9}.Debug|Any CPU.ActiveCfg = Debug|Any CPU
		{365AB905-A226-417B-867E-68DE48BC25B9}.Debug|Any CPU.Build.0 = Debug|Any CPU
		{365AB905-A226-417B-867E-68DE48BC25B9}.Release|Any CPU.ActiveCfg = Release|Any CPU
		{365AB905-A226-417B-867E-68DE48BC25B9}.Release|Any CPU.Build.0 = Release|Any CPU
		{80595445-B2AB-41E8-9E1E-42635C30C6DB}.Debug|Any CPU.ActiveCfg = Debug|Any CPU
		{80595445-B2AB-41E8-9E1E-42635C30C6DB}.Debug|Any CPU.Build.0 = Debug|Any CPU
		{80595445-B2AB-41E8-9E1E-42635C30C6DB}.Release|Any CPU.ActiveCfg = Release|Any CPU
		{80595445-B2AB-41E8-9E1E-42635C30C6DB}.Release|Any CPU.Build.0 = Release|Any CPU
		{62DB0097-8EC0-486D-AB3B-F1F14BF7FD8A}.Debug|Any CPU.ActiveCfg = Debug|Any CPU
		{62DB0097-8EC0-486D-AB3B-F1F14BF7FD8A}.Debug|Any CPU.Build.0 = Debug|Any CPU
		{62DB0097-8EC0-486D-AB3B-F1F14BF7FD8A}.Release|Any CPU.ActiveCfg = Release|Any CPU
		{62DB0097-8EC0-486D-AB3B-F1F14BF7FD8A}.Release|Any CPU.Build.0 = Release|Any CPU
		{D7A7CC46-A735-4B9F-82E9-0EBFF93452F9}.Debug|Any CPU.ActiveCfg = Debug|Any CPU
		{D7A7CC46-A735-4B9F-82E9-0EBFF93452F9}.Debug|Any CPU.Build.0 = Debug|Any CPU
		{D7A7CC46-A735-4B9F-82E9-0EBFF93452F9}.Release|Any CPU.ActiveCfg = Release|Any CPU
		{D7A7CC46-A735-4B9F-82E9-0EBFF93452F9}.Release|Any CPU.Build.0 = Release|Any CPU
		{932931F9-01A6-4457-B898-1F3B59903BFB}.Debug|Any CPU.ActiveCfg = Debug|Any CPU
		{932931F9-01A6-4457-B898-1F3B59903BFB}.Debug|Any CPU.Build.0 = Debug|Any CPU
		{932931F9-01A6-4457-B898-1F3B59903BFB}.Release|Any CPU.ActiveCfg = Release|Any CPU
		{932931F9-01A6-4457-B898-1F3B59903BFB}.Release|Any CPU.Build.0 = Release|Any CPU
		{4AC3BA8E-F85B-49F1-8BCF-662D98F7FFE2}.Debug|Any CPU.ActiveCfg = Debug|Any CPU
		{4AC3BA8E-F85B-49F1-8BCF-662D98F7FFE2}.Debug|Any CPU.Build.0 = Debug|Any CPU
		{4AC3BA8E-F85B-49F1-8BCF-662D98F7FFE2}.Release|Any CPU.ActiveCfg = Release|Any CPU
		{4AC3BA8E-F85B-49F1-8BCF-662D98F7FFE2}.Release|Any CPU.Build.0 = Release|Any CPU
		{2525A46A-9327-4ED1-90BA-B02A0C358407}.Debug|Any CPU.ActiveCfg = Debug|Any CPU
		{2525A46A-9327-4ED1-90BA-B02A0C358407}.Debug|Any CPU.Build.0 = Debug|Any CPU
		{2525A46A-9327-4ED1-90BA-B02A0C358407}.Release|Any CPU.ActiveCfg = Release|Any CPU
		{2525A46A-9327-4ED1-90BA-B02A0C358407}.Release|Any CPU.Build.0 = Release|Any CPU
		{C57ABFAD-B984-4C9D-B39F-5B44A3DA3D68}.Debug|Any CPU.ActiveCfg = Debug|Any CPU
		{C57ABFAD-B984-4C9D-B39F-5B44A3DA3D68}.Debug|Any CPU.Build.0 = Debug|Any CPU
		{C57ABFAD-B984-4C9D-B39F-5B44A3DA3D68}.Release|Any CPU.ActiveCfg = Release|Any CPU
		{C57ABFAD-B984-4C9D-B39F-5B44A3DA3D68}.Release|Any CPU.Build.0 = Release|Any CPU
		{9697910C-F993-4255-8760-7FB63054B08A}.Debug|Any CPU.ActiveCfg = Debug|Any CPU
		{9697910C-F993-4255-8760-7FB63054B08A}.Debug|Any CPU.Build.0 = Debug|Any CPU
		{9697910C-F993-4255-8760-7FB63054B08A}.Release|Any CPU.ActiveCfg = Release|Any CPU
		{9697910C-F993-4255-8760-7FB63054B08A}.Release|Any CPU.Build.0 = Release|Any CPU
		{7ABB849C-9716-4875-9ACE-0EC3CB8CEC38}.Debug|Any CPU.ActiveCfg = Debug|Any CPU
		{7ABB849C-9716-4875-9ACE-0EC3CB8CEC38}.Debug|Any CPU.Build.0 = Debug|Any CPU
		{7ABB849C-9716-4875-9ACE-0EC3CB8CEC38}.Release|Any CPU.ActiveCfg = Release|Any CPU
		{7ABB849C-9716-4875-9ACE-0EC3CB8CEC38}.Release|Any CPU.Build.0 = Release|Any CPU
		{32844B83-F510-4E91-9EBD-B38834B0F3B9}.Debug|Any CPU.ActiveCfg = Debug|Any CPU
		{32844B83-F510-4E91-9EBD-B38834B0F3B9}.Debug|Any CPU.Build.0 = Debug|Any CPU
		{32844B83-F510-4E91-9EBD-B38834B0F3B9}.Release|Any CPU.ActiveCfg = Release|Any CPU
		{32844B83-F510-4E91-9EBD-B38834B0F3B9}.Release|Any CPU.Build.0 = Release|Any CPU
		{BCB7F66C-138C-4036-A4D6-5823A8594D07}.Debug|Any CPU.ActiveCfg = Debug|Any CPU
		{BCB7F66C-138C-4036-A4D6-5823A8594D07}.Debug|Any CPU.Build.0 = Debug|Any CPU
		{BCB7F66C-138C-4036-A4D6-5823A8594D07}.Release|Any CPU.ActiveCfg = Release|Any CPU
		{BCB7F66C-138C-4036-A4D6-5823A8594D07}.Release|Any CPU.Build.0 = Release|Any CPU
		{83052DF1-5FDB-4953-B2E7-49482FBD1B03}.Debug|Any CPU.ActiveCfg = Debug|Any CPU
		{83052DF1-5FDB-4953-B2E7-49482FBD1B03}.Debug|Any CPU.Build.0 = Debug|Any CPU
		{83052DF1-5FDB-4953-B2E7-49482FBD1B03}.Release|Any CPU.ActiveCfg = Release|Any CPU
		{83052DF1-5FDB-4953-B2E7-49482FBD1B03}.Release|Any CPU.Build.0 = Release|Any CPU
		{412CF54E-1498-44E2-84C8-1996490B8CA7}.Debug|Any CPU.ActiveCfg = Debug|Any CPU
		{412CF54E-1498-44E2-84C8-1996490B8CA7}.Debug|Any CPU.Build.0 = Debug|Any CPU
		{412CF54E-1498-44E2-84C8-1996490B8CA7}.Release|Any CPU.ActiveCfg = Release|Any CPU
		{412CF54E-1498-44E2-84C8-1996490B8CA7}.Release|Any CPU.Build.0 = Release|Any CPU
		{0CBB5096-5696-4245-9916-A0A3928DA958}.Debug|Any CPU.ActiveCfg = Debug|Any CPU
		{0CBB5096-5696-4245-9916-A0A3928DA958}.Debug|Any CPU.Build.0 = Debug|Any CPU
		{0CBB5096-5696-4245-9916-A0A3928DA958}.Release|Any CPU.ActiveCfg = Release|Any CPU
		{0CBB5096-5696-4245-9916-A0A3928DA958}.Release|Any CPU.Build.0 = Release|Any CPU
		{73646924-22A7-4594-B65C-70B4A4D0E9E6}.Debug|Any CPU.ActiveCfg = Debug|Any CPU
		{73646924-22A7-4594-B65C-70B4A4D0E9E6}.Debug|Any CPU.Build.0 = Debug|Any CPU
		{73646924-22A7-4594-B65C-70B4A4D0E9E6}.Release|Any CPU.ActiveCfg = Release|Any CPU
		{73646924-22A7-4594-B65C-70B4A4D0E9E6}.Release|Any CPU.Build.0 = Release|Any CPU
		{B9D2F048-A055-4AD2-A09F-ED1C4A7F6189}.Debug|Any CPU.ActiveCfg = Debug|Any CPU
		{B9D2F048-A055-4AD2-A09F-ED1C4A7F6189}.Debug|Any CPU.Build.0 = Debug|Any CPU
		{B9D2F048-A055-4AD2-A09F-ED1C4A7F6189}.Release|Any CPU.ActiveCfg = Release|Any CPU
		{B9D2F048-A055-4AD2-A09F-ED1C4A7F6189}.Release|Any CPU.Build.0 = Release|Any CPU
		{35591966-789F-470C-9DBC-6EA0A7E560F4}.Debug|Any CPU.ActiveCfg = Debug|Any CPU
		{35591966-789F-470C-9DBC-6EA0A7E560F4}.Debug|Any CPU.Build.0 = Debug|Any CPU
		{35591966-789F-470C-9DBC-6EA0A7E560F4}.Release|Any CPU.ActiveCfg = Release|Any CPU
		{35591966-789F-470C-9DBC-6EA0A7E560F4}.Release|Any CPU.Build.0 = Release|Any CPU
		{49912325-E308-4677-ABBF-A8CA3B89671A}.Debug|Any CPU.ActiveCfg = Debug|Any CPU
		{49912325-E308-4677-ABBF-A8CA3B89671A}.Debug|Any CPU.Build.0 = Debug|Any CPU
		{49912325-E308-4677-ABBF-A8CA3B89671A}.Release|Any CPU.ActiveCfg = Release|Any CPU
		{49912325-E308-4677-ABBF-A8CA3B89671A}.Release|Any CPU.Build.0 = Release|Any CPU
		{C5AE88FF-AA2A-455B-9F3D-C59918C2B55A}.Debug|Any CPU.ActiveCfg = Debug|Any CPU
		{C5AE88FF-AA2A-455B-9F3D-C59918C2B55A}.Debug|Any CPU.Build.0 = Debug|Any CPU
		{C5AE88FF-AA2A-455B-9F3D-C59918C2B55A}.Release|Any CPU.ActiveCfg = Release|Any CPU
		{C5AE88FF-AA2A-455B-9F3D-C59918C2B55A}.Release|Any CPU.Build.0 = Release|Any CPU
	EndGlobalSection
	GlobalSection(SolutionProperties) = preSolution
		HideSolutionNode = FALSE
	EndGlobalSection
	GlobalSection(ExtensibilityGlobals) = postSolution
		SolutionGuid = {34EE9D3E-4CD9-4EB8-BCD8-E9918F476FE0}
	EndGlobalSection
EndGlobal
